
Microsoft Visual Studio Solution File, Format Version 12.00
# Visual Studio Version 17
VisualStudioVersion = 17.11.35312.102
MinimumVisualStudioVersion = 10.0.40219.1
Project("{FAE04EC0-301F-11D3-BF4B-00C04F79EFBC}") = "TODOLİST", "TODOLİST\TODOLİST.csproj", "{944DF36B-AA76-43B6-B325-F23057F7DA30}"
EndProject
Global
	GlobalSection(SolutionConfigurationPlatforms) = preSolution
		Debug|Any CPU = Debug|Any CPU
		Release|Any CPU = Release|Any CPU
	EndGlobalSection
	GlobalSection(ProjectConfigurationPlatforms) = postSolution
		{944DF36B-AA76-43B6-B325-F23057F7DA30}.Debug|Any CPU.ActiveCfg = Debug|Any CPU
		{944DF36B-AA76-43B6-B325-F23057F7DA30}.Debug|Any CPU.Build.0 = Debug|Any CPU
		{944DF36B-AA76-43B6-B325-F23057F7DA30}.Release|Any CPU.ActiveCfg = Release|Any CPU
		{944DF36B-AA76-43B6-B325-F23057F7DA30}.Release|Any CPU.Build.0 = Release|Any CPU
	EndGlobalSection
	GlobalSection(SolutionProperties) = preSolution
		HideSolutionNode = FALSE
	EndGlobalSection
	GlobalSection(ExtensibilityGlobals) = postSolution
		SolutionGuid = {53C8D24E-6763-48F6-BB7E-E4F1EF67B4A5}
	EndGlobalSection
EndGlobal
